{
    "_readme": [
        "This file locks the dependencies of your project to a known state",
        "Read more about it at http://getcomposer.org/doc/01-basic-usage.md#composer-lock-the-lock-file"
    ],
    "hash": "94593cd5e9319d291619900833fbe69e",
    "packages": [
        {
            "name": "plutonex/watch",
            "version": "dev-master",
            "source": {
                "type": "git",
                "url": "https://github.com/Plutonex/watch.git",
                "reference": "29744525496274afa0dbdf84afb7b555e9836fc7"
            },
            "dist": {
                "type": "zip",
                "url": "https://api.github.com/repos/Plutonex/watch/zipball/29744525496274afa0dbdf84afb7b555e9836fc7",
                "reference": "29744525496274afa0dbdf84afb7b555e9836fc7",
                "shasum": ""
            },
            "require": {
                "php": ">=5.3.0"
            },
            "type": "library",
            "autoload": {
                "psr-0": {
                    "Plutonex\\Watch": "src/"
                }
            },
            "notification-url": "https://packagist.org/downloads/",
            "license": [
                "BSD"
            ],
            "authors": [
                {
                    "name": "Raftalks",
                    "email": "raftalks@gmail.com",
                    "homepage": "https://github.com/raftalks"
                }
            ],
            "description": "PHP watch",
            "keywords": [
                "agnostic",
                "observer",
                "plutonex",
                "watch"
            ],
            "time": "2013-08-11 17:37:32"
        }
    ],
    "packages-dev": [

    ],
    "aliases": [

    ],
    "minimum-stability": "dev",
    "stability-flags": [

    ],
    "platform": {
        "php": ">=5.3.0"
    },
    "platform-dev": [

    ]
}
